
Microsoft Visual Studio Solution File, Format Version 12.00
# Visual Studio Version 17
VisualStudioVersion = 17.4.33110.190
MinimumVisualStudioVersion = 10.0.40219.1
Project("{2150E333-8FDC-42A3-9474-1A3956D46DE8}") = "Data", "Data", "{67902C51-FE79-4FF4-81D2-8992A48CA849}"
EndProject
Project("{2150E333-8FDC-42A3-9474-1A3956D46DE8}") = "Systems", "Systems", "{9CBCDB1B-D69B-4849-B23E-EFD86DCE3446}"
EndProject
Project("{2150E333-8FDC-42A3-9474-1A3956D46DE8}") = "Services", "Services", "{F8751A7C-DFC0-41AB-AB85-897330D856F2}"
EndProject
Project("{2150E333-8FDC-42A3-9474-1A3956D46DE8}") = "Shared", "Shared", "{8F316CDB-8C1E-4862-A99D-1930F8661F39}"
EndProject
Project("{2150E333-8FDC-42A3-9474-1A3956D46DE8}") = "Api", "Api", "{A790C7B9-438D-43E1-831C-12D636AB5F82}"
EndProject
Project("{2150E333-8FDC-42A3-9474-1A3956D46DE8}") = "Identity", "Identity", "{B6EC1F3F-4252-412D-AEB1-D895F1BB89CB}"
EndProject
Project("{9A19103F-16F7-4668-BE54-9A1E7A4F7556}") = "DsrProject.Api", "Systems\Api\DsrProject.Api\DsrProject.Api.csproj", "{5878BFCE-41C9-418C-AA12-82A3F107F4B9}"
EndProject
Project("{9A19103F-16F7-4668-BE54-9A1E7A4F7556}") = "DsrProject.Api.Settings", "Systems\Api\DsrProject.Api.Settings\DsrProject.Api.Settings.csproj", "{0FBD84FA-3D28-4864-B0AA-6DF26C08E780}"
EndProject
Project("{9A19103F-16F7-4668-BE54-9A1E7A4F7556}") = "DsrProject.Common", "Shared\DsrProject.Common\DsrProject.Common.csproj", "{7CA53FF2-970D-4DAD-B8DC-BE37751D82F6}"
EndProject
Project("{9A19103F-16F7-4668-BE54-9A1E7A4F7556}") = "DsrProject.Settings", "Shared\DsrProject.Settings\DsrProject.Settings.csproj", "{6F8F72F7-0122-4BFE-876B-D9D55672D059}"
EndProject
Project("{9A19103F-16F7-4668-BE54-9A1E7A4F7556}") = "DsrProject.Services.Settings", "Services\DsrProject.Services.Settings\DsrProject.Services.Settings.csproj", "{ABF84EFF-EA11-48C4-BB87-F26391361C74}"
EndProject
Project("{E53339B2-1760-4266-BCC7-CA923CBCF16C}") = "docker-compose", "docker-compose.dcproj", "{B9AAE5E9-2A80-4B89-B7CA-7982A9574B62}"
EndProject
Project("{FAE04EC0-301F-11D3-BF4B-00C04F79EFBC}") = "DsrProject.Context", "Data\DsrProject.Context\DsrProject.Context.csproj", "{0D670BFD-C6E2-4CB2-9DEB-DAC7B411797F}"
EndProject
Project("{FAE04EC0-301F-11D3-BF4B-00C04F79EFBC}") = "DsrProject.Context.Entities", "Data\DsrProject.Context.Entities\DsrProject.Context.Entities.csproj", "{C1B1D7E2-59FD-4F60-880D-1A4B2B8B0B08}"
EndProject
Project("{2150E333-8FDC-42A3-9474-1A3956D46DE8}") = "Migrations", "Migrations", "{D90E7797-D66C-423E-A349-843FF88CB338}"
EndProject
Project("{FAE04EC0-301F-11D3-BF4B-00C04F79EFBC}") = "DsrProject.Context.MigrationsMSSQL", "Data\Migrations\DsrProject.Context.MigrationsMSSQL\DsrProject.Context.MigrationsMSSQL.csproj", "{106DD88E-1E60-48D6-BF10-75722126E319}"
EndProject
Project("{FAE04EC0-301F-11D3-BF4B-00C04F79EFBC}") = "DsrProject.Context.MigrationsPostgreSQL", "Data\Migrations\DsrProject.Context.MigrationsPostgreSQL\DsrProject.Context.MigrationsPostgreSQL.csproj", "{DC1C3058-D480-4191-992C-834B6E24F3DA}"
EndProject
Global
	GlobalSection(SolutionConfigurationPlatforms) = preSolution
		Debug|Any CPU = Debug|Any CPU
		Release|Any CPU = Release|Any CPU
	EndGlobalSection
	GlobalSection(ProjectConfigurationPlatforms) = postSolution
		{5878BFCE-41C9-418C-AA12-82A3F107F4B9}.Debug|Any CPU.ActiveCfg = Debug|Any CPU
		{5878BFCE-41C9-418C-AA12-82A3F107F4B9}.Debug|Any CPU.Build.0 = Debug|Any CPU
		{5878BFCE-41C9-418C-AA12-82A3F107F4B9}.Release|Any CPU.ActiveCfg = Release|Any CPU
		{5878BFCE-41C9-418C-AA12-82A3F107F4B9}.Release|Any CPU.Build.0 = Release|Any CPU
		{0FBD84FA-3D28-4864-B0AA-6DF26C08E780}.Debug|Any CPU.ActiveCfg = Debug|Any CPU
		{0FBD84FA-3D28-4864-B0AA-6DF26C08E780}.Debug|Any CPU.Build.0 = Debug|Any CPU
		{0FBD84FA-3D28-4864-B0AA-6DF26C08E780}.Release|Any CPU.ActiveCfg = Release|Any CPU
		{0FBD84FA-3D28-4864-B0AA-6DF26C08E780}.Release|Any CPU.Build.0 = Release|Any CPU
		{7CA53FF2-970D-4DAD-B8DC-BE37751D82F6}.Debug|Any CPU.ActiveCfg = Debug|Any CPU
		{7CA53FF2-970D-4DAD-B8DC-BE37751D82F6}.Debug|Any CPU.Build.0 = Debug|Any CPU
		{7CA53FF2-970D-4DAD-B8DC-BE37751D82F6}.Release|Any CPU.ActiveCfg = Release|Any CPU
		{7CA53FF2-970D-4DAD-B8DC-BE37751D82F6}.Release|Any CPU.Build.0 = Release|Any CPU
		{6F8F72F7-0122-4BFE-876B-D9D55672D059}.Debug|Any CPU.ActiveCfg = Debug|Any CPU
		{6F8F72F7-0122-4BFE-876B-D9D55672D059}.Debug|Any CPU.Build.0 = Debug|Any CPU
		{6F8F72F7-0122-4BFE-876B-D9D55672D059}.Release|Any CPU.ActiveCfg = Release|Any CPU
		{6F8F72F7-0122-4BFE-876B-D9D55672D059}.Release|Any CPU.Build.0 = Release|Any CPU
		{ABF84EFF-EA11-48C4-BB87-F26391361C74}.Debug|Any CPU.ActiveCfg = Debug|Any CPU
		{ABF84EFF-EA11-48C4-BB87-F26391361C74}.Debug|Any CPU.Build.0 = Debug|Any CPU
		{ABF84EFF-EA11-48C4-BB87-F26391361C74}.Release|Any CPU.ActiveCfg = Release|Any CPU
		{ABF84EFF-EA11-48C4-BB87-F26391361C74}.Release|Any CPU.Build.0 = Release|Any CPU
		{B9AAE5E9-2A80-4B89-B7CA-7982A9574B62}.Debug|Any CPU.ActiveCfg = Debug|Any CPU
		{B9AAE5E9-2A80-4B89-B7CA-7982A9574B62}.Debug|Any CPU.Build.0 = Debug|Any CPU
		{B9AAE5E9-2A80-4B89-B7CA-7982A9574B62}.Release|Any CPU.ActiveCfg = Release|Any CPU
		{B9AAE5E9-2A80-4B89-B7CA-7982A9574B62}.Release|Any CPU.Build.0 = Release|Any CPU
		{0D670BFD-C6E2-4CB2-9DEB-DAC7B411797F}.Debug|Any CPU.ActiveCfg = Debug|Any CPU
		{0D670BFD-C6E2-4CB2-9DEB-DAC7B411797F}.Debug|Any CPU.Build.0 = Debug|Any CPU
		{0D670BFD-C6E2-4CB2-9DEB-DAC7B411797F}.Release|Any CPU.ActiveCfg = Release|Any CPU
		{0D670BFD-C6E2-4CB2-9DEB-DAC7B411797F}.Release|Any CPU.Build.0 = Release|Any CPU
		{C1B1D7E2-59FD-4F60-880D-1A4B2B8B0B08}.Debug|Any CPU.ActiveCfg = Debug|Any CPU
		{C1B1D7E2-59FD-4F60-880D-1A4B2B8B0B08}.Debug|Any CPU.Build.0 = Debug|Any CPU
		{C1B1D7E2-59FD-4F60-880D-1A4B2B8B0B08}.Release|Any CPU.ActiveCfg = Release|Any CPU
		{C1B1D7E2-59FD-4F60-880D-1A4B2B8B0B08}.Release|Any CPU.Build.0 = Release|Any CPU
		{106DD88E-1E60-48D6-BF10-75722126E319}.Debug|Any CPU.ActiveCfg = Debug|Any CPU
		{106DD88E-1E60-48D6-BF10-75722126E319}.Debug|Any CPU.Build.0 = Debug|Any CPU
		{106DD88E-1E60-48D6-BF10-75722126E319}.Release|Any CPU.ActiveCfg = Release|Any CPU
		{106DD88E-1E60-48D6-BF10-75722126E319}.Release|Any CPU.Build.0 = Release|Any CPU
		{DC1C3058-D480-4191-992C-834B6E24F3DA}.Debug|Any CPU.ActiveCfg = Debug|Any CPU
		{DC1C3058-D480-4191-992C-834B6E24F3DA}.Debug|Any CPU.Build.0 = Debug|Any CPU
		{DC1C3058-D480-4191-992C-834B6E24F3DA}.Release|Any CPU.ActiveCfg = Release|Any CPU
		{DC1C3058-D480-4191-992C-834B6E24F3DA}.Release|Any CPU.Build.0 = Release|Any CPU
	EndGlobalSection
	GlobalSection(SolutionProperties) = preSolution
		HideSolutionNode = FALSE
	EndGlobalSection
	GlobalSection(NestedProjects) = preSolution
		{A790C7B9-438D-43E1-831C-12D636AB5F82} = {9CBCDB1B-D69B-4849-B23E-EFD86DCE3446}
		{B6EC1F3F-4252-412D-AEB1-D895F1BB89CB} = {9CBCDB1B-D69B-4849-B23E-EFD86DCE3446}
		{5878BFCE-41C9-418C-AA12-82A3F107F4B9} = {A790C7B9-438D-43E1-831C-12D636AB5F82}
		{0FBD84FA-3D28-4864-B0AA-6DF26C08E780} = {A790C7B9-438D-43E1-831C-12D636AB5F82}
		{7CA53FF2-970D-4DAD-B8DC-BE37751D82F6} = {8F316CDB-8C1E-4862-A99D-1930F8661F39}
		{6F8F72F7-0122-4BFE-876B-D9D55672D059} = {8F316CDB-8C1E-4862-A99D-1930F8661F39}
		{ABF84EFF-EA11-48C4-BB87-F26391361C74} = {F8751A7C-DFC0-41AB-AB85-897330D856F2}
		{0D670BFD-C6E2-4CB2-9DEB-DAC7B411797F} = {67902C51-FE79-4FF4-81D2-8992A48CA849}
		{C1B1D7E2-59FD-4F60-880D-1A4B2B8B0B08} = {67902C51-FE79-4FF4-81D2-8992A48CA849}
		{D90E7797-D66C-423E-A349-843FF88CB338} = {67902C51-FE79-4FF4-81D2-8992A48CA849}
		{106DD88E-1E60-48D6-BF10-75722126E319} = {D90E7797-D66C-423E-A349-843FF88CB338}
		{DC1C3058-D480-4191-992C-834B6E24F3DA} = {D90E7797-D66C-423E-A349-843FF88CB338}
	EndGlobalSection
	GlobalSection(ExtensibilityGlobals) = postSolution
		SolutionGuid = {7D0D62B2-4BFA-47E5-80D4-6BA19D61A499}
	EndGlobalSection
EndGlobal
